
Microsoft Visual Studio Solution File, Format Version 12.00
# Visual Studio Version 17
VisualStudioVersion = 17.3.32929.385
MinimumVisualStudioVersion = 10.0.40219.1
Project("{FAE04EC0-301F-11D3-BF4B-00C04F79EFBC}") = "BackendTaskStage1", "BackendTaskStage1.csproj", "{0F29D3C4-37FA-4E91-A4C5-CAB0DD3D9222}"
EndProject
Global
	GlobalSection(SolutionConfigurationPlatforms) = preSolution
		Debug|Any CPU = Debug|Any CPU
		Release|Any CPU = Release|Any CPU
	EndGlobalSection
	GlobalSection(ProjectConfigurationPlatforms) = postSolution
		{0F29D3C4-37FA-4E91-A4C5-CAB0DD3D9222}.Debug|Any CPU.ActiveCfg = Debug|Any CPU
		{0F29D3C4-37FA-4E91-A4C5-CAB0DD3D9222}.Debug|Any CPU.Build.0 = Debug|Any CPU
		{0F29D3C4-37FA-4E91-A4C5-CAB0DD3D9222}.Release|Any CPU.ActiveCfg = Release|Any CPU
		{0F29D3C4-37FA-4E91-A4C5-CAB0DD3D9222}.Release|Any CPU.Build.0 = Release|Any CPU
	EndGlobalSection
	GlobalSection(SolutionProperties) = preSolution
		HideSolutionNode = FALSE
	EndGlobalSection
	GlobalSection(ExtensibilityGlobals) = postSolution
		SolutionGuid = {4CE6073C-5D2D-4B13-B739-D115A48B89E7}
	EndGlobalSection
EndGlobal
